
Microsoft Visual Studio Solution File, Format Version 12.00
# Visual Studio 15
VisualStudioVersion = 15.0.25928.0
MinimumVisualStudioVersion = 10.0.40219.1
Project("{FAE04EC0-301F-11D3-BF4B-00C04F79EFBC}") = "CryOnCoding", "CryOnCoding\CryOnCoding.csproj", "{B9BD5510-C013-4624-A415-3269D9E69BF8}"
EndProject
Project("{FAE04EC0-301F-11D3-BF4B-00C04F79EFBC}") = "COClib", "COClib\COClib.csproj", "{C23DBBE5-BC52-4A87-A493-8CD8351B9A68}"
EndProject
Global
	GlobalSection(SolutionConfigurationPlatforms) = preSolution
		Debug|Any CPU = Debug|Any CPU
		Release|Any CPU = Release|Any CPU
	EndGlobalSection
	GlobalSection(ProjectConfigurationPlatforms) = postSolution
		{B9BD5510-C013-4624-A415-3269D9E69BF8}.Debug|Any CPU.ActiveCfg = Debug|Any CPU
		{B9BD5510-C013-4624-A415-3269D9E69BF8}.Debug|Any CPU.Build.0 = Debug|Any CPU
		{B9BD5510-C013-4624-A415-3269D9E69BF8}.Release|Any CPU.ActiveCfg = Release|Any CPU
		{B9BD5510-C013-4624-A415-3269D9E69BF8}.Release|Any CPU.Build.0 = Release|Any CPU
		{C23DBBE5-BC52-4A87-A493-8CD8351B9A68}.Debug|Any CPU.ActiveCfg = Debug|Any CPU
		{C23DBBE5-BC52-4A87-A493-8CD8351B9A68}.Debug|Any CPU.Build.0 = Debug|Any CPU
		{C23DBBE5-BC52-4A87-A493-8CD8351B9A68}.Release|Any CPU.ActiveCfg = Release|Any CPU
		{C23DBBE5-BC52-4A87-A493-8CD8351B9A68}.Release|Any CPU.Build.0 = Release|Any CPU
	EndGlobalSection
	GlobalSection(SolutionProperties) = preSolution
		HideSolutionNode = FALSE
	EndGlobalSection
EndGlobal
